// !$*UTF8*$!
{
	archiveVersion = 1;
	classes = {
	};
	objectVersion = 50;
	objects = {

/* Begin PBXBuildFile section */
		97DFE7B8254717210048B741 /* RoombaApp.swift in Sources */ = {isa = PBXBuildFile; fileRef = 97DFE7B7254717210048B741 /* RoombaApp.swift */; };
		97DFE7BA254717210048B741 /* ContentView.swift in Sources */ = {isa = PBXBuildFile; fileRef = 97DFE7B9254717210048B741 /* ContentView.swift */; };
		97DFE7BC254717220048B741 /* Assets.xcassets in Resources */ = {isa = PBXBuildFile; fileRef = 97DFE7BB254717220048B741 /* Assets.xcassets */; };
		97DFE7BF254717220048B741 /* Preview Assets.xcassets in Resources */ = {isa = PBXBuildFile; fileRef = 97DFE7BE254717220048B741 /* Preview Assets.xcassets */; };
		97DFE7CA254717220048B741 /* RoombaTests.swift in Sources */ = {isa = PBXBuildFile; fileRef = 97DFE7C9254717220048B741 /* RoombaTests.swift */; };
		97DFE7D5254717220048B741 /* RoombaUITests.swift in Sources */ = {isa = PBXBuildFile; fileRef = 97DFE7D4254717220048B741 /* RoombaUITests.swift */; };
/* End PBXBuildFile section */

/* Begin PBXContainerItemProxy section */
		97DFE7C6254717220048B741 /* PBXContainerItemProxy */ = {
			isa = PBXContainerItemProxy;
			containerPortal = 97DFE7AC254717210048B741 /* Project object */;
			proxyType = 1;
			remoteGlobalIDString = 97DFE7B3254717210048B741;
			remoteInfo = Roomba;
		};
		97DFE7D1254717220048B741 /* PBXContainerItemProxy */ = {
			isa = PBXContainerItemProxy;
			containerPortal = 97DFE7AC254717210048B741 /* Project object */;
			proxyType = 1;
			remoteGlobalIDString = 97DFE7B3254717210048B741;
			remoteInfo = Roomba;
		};
/* End PBXContainerItemProxy section */

/* Begin PBXFileReference section */
		97DFE7B4254717210048B741 /* Roomba.app */ = {isa = PBXFileReference; explicitFileType = wrapper.application; includeInIndex = 0; path = Roomba.app; sourceTree = BUILT_PRODUCTS_DIR; };
		97DFE7B7254717210048B741 /* RoombaApp.swift */ = {isa = PBXFileReference; lastKnownFileType = sourcecode.swift; path = RoombaApp.swift; sourceTree = "<group>"; };
		97DFE7B9254717210048B741 /* ContentView.swift */ = {isa = PBXFileReference; lastKnownFileType = sourcecode.swift; path = ContentView.swift; sourceTree = "<group>"; };
		97DFE7BB254717220048B741 /* Assets.xcassets */ = {isa = PBXFileReference; lastKnownFileType = folder.assetcatalog; path = Assets.xcassets; sourceTree = "<group>"; };
		97DFE7BE254717220048B741 /* Preview Assets.xcassets */ = {isa = PBXFileReference; lastKnownFileType = folder.assetcatalog; path = "Preview Assets.xcassets"; sourceTree = "<group>"; };
		97DFE7C0254717220048B741 /* Info.plist */ = {isa = PBXFileReference; lastKnownFileType = text.plist.xml; path = Info.plist; sourceTree = "<group>"; };
		97DFE7C5254717220048B741 /* RoombaTests.xctest */ = {isa = PBXFileReference; explicitFileType = wrapper.cfbundle; includeInIndex = 0; path = RoombaTests.xctest; sourceTree = BUILT_PRODUCTS_DIR; };
		97DFE7C9254717220048B741 /* RoombaTests.swift */ = {isa = PBXFileReference; lastKnownFileType = sourcecode.swift; path = RoombaTests.swift; sourceTree = "<group>"; };
		97DFE7CB254717220048B741 /* Info.plist */ = {isa = PBXFileReference; lastKnownFileType = text.plist.xml; path = Info.plist; sourceTree = "<group>"; };
		97DFE7D0254717220048B741 /* RoombaUITests.xctest */ = {isa = PBXFileReference; explicitFileType = wrapper.cfbundle; includeInIndex = 0; path = RoombaUITests.xctest; sourceTree = BUILT_PRODUCTS_DIR; };
		97DFE7D4254717220048B741 /* RoombaUITests.swift */ = {isa = PBXFileReference; lastKnownFileType = sourcecode.swift; path = RoombaUITests.swift; sourceTree = "<group>"; };
		97DFE7D6254717220048B741 /* Info.plist */ = {isa = PBXFileReference; lastKnownFileType = text.plist.xml; path = Info.plist; sourceTree = "<group>"; };
/* End PBXFileReference section */

/* Begin PBXFrameworksBuildPhase section */
		97DFE7B1254717210048B741 /* Frameworks */ = {
			isa = PBXFrameworksBuildPhase;
			buildActionMask = 2147483647;
			files = (
			);
			runOnlyForDeploymentPostprocessing = 0;
		};
		97DFE7C2254717220048B741 /* Frameworks */ = {
			isa = PBXFrameworksBuildPhase;
			buildActionMask = 2147483647;
			files = (
			);
			runOnlyForDeploymentPostprocessing = 0;
		};
		97DFE7CD254717220048B741 /* Frameworks */ = {
			isa = PBXFrameworksBuildPhase;
			buildActionMask = 2147483647;
			files = (
			);
			runOnlyForDeploymentPostprocessing = 0;
		};
/* End PBXFrameworksBuildPhase section */

/* Begin PBXGroup section */
		97DFE7AB254717210048B741 = {
			isa = PBXGroup;
			children = (
				97DFE7B6254717210048B741 /* Roomba */,
				97DFE7C8254717220048B741 /* RoombaTests */,
				97DFE7D3254717220048B741 /* RoombaUITests */,
				97DFE7B5254717210048B741 /* Products */,
			);
			sourceTree = "<group>";
		};
		97DFE7B5254717210048B741 /* Products */ = {
			isa = PBXGroup;
			children = (
				97DFE7B4254717210048B741 /* Roomba.app */,
				97DFE7C5254717220048B741 /* RoombaTests.xctest */,
				97DFE7D0254717220048B741 /* RoombaUITests.xctest */,
			);
			name = Products;
			sourceTree = "<group>";
		};
		97DFE7B6254717210048B741 /* Roomba */ = {
			isa = PBXGroup;
			children = (
				97DFE7B7254717210048B741 /* RoombaApp.swift */,
				97DFE7B9254717210048B741 /* ContentView.swift */,
				97DFE7BB254717220048B741 /* Assets.xcassets */,
				97DFE7C0254717220048B741 /* Info.plist */,
				97DFE7BD254717220048B741 /* Preview Content */,
			);
			path = Roomba;
			sourceTree = "<group>";
		};
		97DFE7BD254717220048B741 /* Preview Content */ = {
			isa = PBXGroup;
			children = (
				97DFE7BE254717220048B741 /* Preview Assets.xcassets */,
			);
			path = "Preview Content";
			sourceTree = "<group>";
		};
		97DFE7C8254717220048B741 /* RoombaTests */ = {
			isa = PBXGroup;
			children = (
				97DFE7C9254717220048B741 /* RoombaTests.swift */,
				97DFE7CB254717220048B741 /* Info.plist */,
			);
			path = RoombaTests;
			sourceTree = "<group>";
		};
		97DFE7D3254717220048B741 /* RoombaUITests */ = {
			isa = PBXGroup;
			children = (
				97DFE7D4254717220048B741 /* RoombaUITests.swift */,
				97DFE7D6254717220048B741 /* Info.plist */,
			);
			path = RoombaUITests;
			sourceTree = "<group>";
		};
/* End PBXGroup section */

/* Begin PBXNativeTarget section */
		97DFE7B3254717210048B741 /* Roomba */ = {
			isa = PBXNativeTarget;
			buildConfigurationList = 97DFE7D9254717220048B741 /* Build configuration list for PBXNativeTarget "Roomba" */;
			buildPhases = (
				97DFE7B0254717210048B741 /* Sources */,
				97DFE7B1254717210048B741 /* Frameworks */,
				97DFE7B2254717210048B741 /* Resources */,
			);
			buildRules = (
			);
			dependencies = (
			);
			name = Roomba;
			productName = Roomba;
			productReference = 97DFE7B4254717210048B741 /* Roomba.app */;
			productType = "com.apple.product-type.application";
		};
		97DFE7C4254717220048B741 /* RoombaTests */ = {
			isa = PBXNativeTarget;
			buildConfigurationList = 97DFE7DC254717220048B741 /* Build configuration list for PBXNativeTarget "RoombaTests" */;
			buildPhases = (
				97DFE7C1254717220048B741 /* Sources */,
				97DFE7C2254717220048B741 /* Frameworks */,
				97DFE7C3254717220048B741 /* Resources */,
			);
			buildRules = (
			);
			dependencies = (
				97DFE7C7254717220048B741 /* PBXTargetDependency */,
			);
			name = RoombaTests;
			productName = RoombaTests;
			productReference = 97DFE7C5254717220048B741 /* RoombaTests.xctest */;
			productType = "com.apple.product-type.bundle.unit-test";
		};
		97DFE7CF254717220048B741 /* RoombaUITests */ = {
			isa = PBXNativeTarget;
			buildConfigurationList = 97DFE7DF254717220048B741 /* Build configuration list for PBXNativeTarget "RoombaUITests" */;
			buildPhases = (
				97DFE7CC254717220048B741 /* Sources */,
				97DFE7CD254717220048B741 /* Frameworks */,
				97DFE7CE254717220048B741 /* Resources */,
			);
			buildRules = (
			);
			dependencies = (
				97DFE7D2254717220048B741 /* PBXTargetDependency */,
			);
			name = RoombaUITests;
			productName = RoombaUITests;
			productReference = 97DFE7D0254717220048B741 /* RoombaUITests.xctest */;
			productType = "com.apple.product-type.bundle.ui-testing";
		};
/* End PBXNativeTarget section */

/* Begin PBXProject section */
		97DFE7AC254717210048B741 /* Project object */ = {
			isa = PBXProject;
			attributes = {
				LastSwiftUpdateCheck = 1210;
				LastUpgradeCheck = 1210;
				TargetAttributes = {
					97DFE7B3254717210048B741 = {
						CreatedOnToolsVersion = 12.1;
					};
					97DFE7C4254717220048B741 = {
						CreatedOnToolsVersion = 12.1;
						TestTargetID = 97DFE7B3254717210048B741;
					};
					97DFE7CF254717220048B741 = {
						CreatedOnToolsVersion = 12.1;
						TestTargetID = 97DFE7B3254717210048B741;
					};
				};
			};
			buildConfigurationList = 97DFE7AF254717210048B741 /* Build configuration list for PBXProject "Roomba" */;
			compatibilityVersion = "Xcode 9.3";
			developmentRegion = en;
			hasScannedForEncodings = 0;
			knownRegions = (
				en,
				Base,
			);
			mainGroup = 97DFE7AB254717210048B741;
			productRefGroup = 97DFE7B5254717210048B741 /* Products */;
			projectDirPath = "";
			projectRoot = "";
			targets = (
				97DFE7B3254717210048B741 /* Roomba */,
				97DFE7C4254717220048B741 /* RoombaTests */,
				97DFE7CF254717220048B741 /* RoombaUITests */,
			);
		};
/* End PBXProject section */

/* Begin PBXResourcesBuildPhase section */
		97DFE7B2254717210048B741 /* Resources */ = {
			isa = PBXResourcesBuildPhase;
			buildActionMask = 2147483647;
			files = (
				97DFE7BF254717220048B741 /* Preview Assets.xcassets in Resources */,
				97DFE7BC254717220048B741 /* Assets.xcassets in Resources */,
			);
			runOnlyForDeploymentPostprocessing = 0;
		};
		97DFE7C3254717220048B741 /* Resources */ = {
			isa = PBXResourcesBuildPhase;
			buildActionMask = 2147483647;
			files = (
			);
			runOnlyForDeploymentPostprocessing = 0;
		};
		97DFE7CE254717220048B741 /* Resources */ = {
			isa = PBXResourcesBuildPhase;
			buildActionMask = 2147483647;
			files = (
			);
			runOnlyForDeploymentPostprocessing = 0;
		};
/* End PBXResourcesBuildPhase section */

/* Begin PBXSourcesBuildPhase section */
		97DFE7B0254717210048B741 /* Sources */ = {
			isa = PBXSourcesBuildPhase;
			buildActionMask = 2147483647;
			files = (
				97DFE7BA254717210048B741 /* ContentView.swift in Sources */,
				97DFE7B8254717210048B741 /* RoombaApp.swift in Sources */,
			);
			runOnlyForDeploymentPostprocessing = 0;
		};
		97DFE7C1254717220048B741 /* Sources */ = {
			isa = PBXSourcesBuildPhase;
			buildActionMask = 2147483647;
			files = (
				97DFE7CA254717220048B741 /* RoombaTests.swift in Sources */,
			);
			runOnlyForDeploymentPostprocessing = 0;
		};
		97DFE7CC254717220048B741 /* Sources */ = {
			isa = PBXSourcesBuildPhase;
			buildActionMask = 2147483647;
			files = (
				97DFE7D5254717220048B741 /* RoombaUITests.swift in Sources */,
			);
			runOnlyForDeploymentPostprocessing = 0;
		};
/* End PBXSourcesBuildPhase section */

/* Begin PBXTargetDependency section */
		97DFE7C7254717220048B741 /* PBXTargetDependency */ = {
			isa = PBXTargetDependency;
			target = 97DFE7B3254717210048B741 /* Roomba */;
			targetProxy = 97DFE7C6254717220048B741 /* PBXContainerItemProxy */;
		};
		97DFE7D2254717220048B741 /* PBXTargetDependency */ = {
			isa = PBXTargetDependency;
			target = 97DFE7B3254717210048B741 /* Roomba */;
			targetProxy = 97DFE7D1254717220048B741 /* PBXContainerItemProxy */;
		};
/* End PBXTargetDependency section */

/* Begin XCBuildConfiguration section */
		97DFE7D7254717220048B741 /* Debug */ = {
			isa = XCBuildConfiguration;
			buildSettings = {
				ALWAYS_SEARCH_USER_PATHS = NO;
				CLANG_ANALYZER_NONNULL = YES;
				CLANG_ANALYZER_NUMBER_OBJECT_CONVERSION = YES_AGGRESSIVE;
				CLANG_CXX_LANGUAGE_STANDARD = "gnu++14";
				CLANG_CXX_LIBRARY = "libc++";
				CLANG_ENABLE_MODULES = YES;
				CLANG_ENABLE_OBJC_ARC = YES;
				CLANG_ENABLE_OBJC_WEAK = YES;
				CLANG_WARN_BLOCK_CAPTURE_AUTORELEASING = YES;
				CLANG_WARN_BOOL_CONVERSION = YES;
				CLANG_WARN_COMMA = YES;
				CLANG_WARN_CONSTANT_CONVERSION = YES;
				CLANG_WARN_DEPRECATED_OBJC_IMPLEMENTATIONS = YES;
				CLANG_WARN_DIRECT_OBJC_ISA_USAGE = YES_ERROR;
				CLANG_WARN_DOCUMENTATION_COMMENTS = YES;
				CLANG_WARN_EMPTY_BODY = YES;
				CLANG_WARN_ENUM_CONVERSION = YES;
				CLANG_WARN_INFINITE_RECURSION = YES;
				CLANG_WARN_INT_CONVERSION = YES;
				CLANG_WARN_NON_LITERAL_NULL_CONVERSION = YES;
				CLANG_WARN_OBJC_IMPLICIT_RETAIN_SELF = YES;
				CLANG_WARN_OBJC_LITERAL_CONVERSION = YES;
				CLANG_WARN_OBJC_ROOT_CLASS = YES_ERROR;
				CLANG_WARN_QUOTED_INCLUDE_IN_FRAMEWORK_HEADER = YES;
				CLANG_WARN_RANGE_LOOP_ANALYSIS = YES;
				CLANG_WARN_STRICT_PROTOTYPES = YES;
				CLANG_WARN_SUSPICIOUS_MOVE = YES;
				CLANG_WARN_UNGUARDED_AVAILABILITY = YES_AGGRESSIVE;
				CLANG_WARN_UNREACHABLE_CODE = YES;
				CLANG_WARN__DUPLICATE_METHOD_MATCH = YES;
				COPY_PHASE_STRIP = NO;
				DEBUG_INFORMATION_FORMAT = dwarf;
				ENABLE_STRICT_OBJC_MSGSEND = YES;
				ENABLE_TESTABILITY = YES;
				GCC_C_LANGUAGE_STANDARD = gnu11;
				GCC_DYNAMIC_NO_PIC = NO;
				GCC_NO_COMMON_BLOCKS = YES;
				GCC_OPTIMIZATION_LEVEL = 0;
				GCC_PREPROCESSOR_DEFINITIONS = (
					"DEBUG=1",
					"$(inherited)",
				);
				GCC_WARN_64_TO_32_BIT_CONVERSION = YES;
				GCC_WARN_ABOUT_RETURN_TYPE = YES_ERROR;
				GCC_WARN_UNDECLARED_SELECTOR = YES;
				GCC_WARN_UNINITIALIZED_AUTOS = YES_AGGRESSIVE;
				GCC_WARN_UNUSED_FUNCTION = YES;
				GCC_WARN_UNUSED_VARIABLE = YES;
				IPHONEOS_DEPLOYMENT_TARGET = 14.1;
				MTL_ENABLE_DEBUG_INFO = INCLUDE_SOURCE;
				MTL_FAST_MATH = YES;
				ONLY_ACTIVE_ARCH = YES;
				SDKROOT = iphoneos;
				SWIFT_ACTIVE_COMPILATION_CONDITIONS = DEBUG;
				SWIFT_OPTIMIZATION_LEVEL = "-Onone";
			};
			name = Debug;
		};
		97DFE7D8254717220048B741 /* Release */ = {
			isa = XCBuildConfiguration;
			buildSettings = {
				ALWAYS_SEARCH_USER_PATHS = NO;
				CLANG_ANALYZER_NONNULL = YES;
				CLANG_ANALYZER_NUMBER_OBJECT_CONVERSION = YES_AGGRESSIVE;
				CLANG_CXX_LANGUAGE_STANDARD = "gnu++14";
				CLANG_CXX_LIBRARY = "libc++";
				CLANG_ENABLE_MODULES = YES;
				CLANG_ENABLE_OBJC_ARC = YES;
				CLANG_ENABLE_OBJC_WEAK = YES;
				CLANG_WARN_BLOCK_CAPTURE_AUTORELEASING = YES;
				CLANG_WARN_BOOL_CONVERSION = YES;
				CLANG_WARN_COMMA = YES;
				CLANG_WARN_CONSTANT_CONVERSION = YES;
				CLANG_WARN_DEPRECATED_OBJC_IMPLEMENTATIONS = YES;
				CLANG_WARN_DIRECT_OBJC_ISA_USAGE = YES_ERROR;
				CLANG_WARN_DOCUMENTATION_COMMENTS = YES;
				CLANG_WARN_EMPTY_BODY = YES;
				CLANG_WARN_ENUM_CONVERSION = YES;
				CLANG_WARN_INFINITE_RECURSION = YES;
				CLANG_WARN_INT_CONVERSION = YES;
				CLANG_WARN_NON_LITERAL_NULL_CONVERSION = YES;
				CLANG_WARN_OBJC_IMPLICIT_RETAIN_SELF = YES;
				CLANG_WARN_OBJC_LITERAL_CONVERSION = YES;
				CLANG_WARN_OBJC_ROOT_CLASS = YES_ERROR;
				CLANG_WARN_QUOTED_INCLUDE_IN_FRAMEWORK_HEADER = YES;
				CLANG_WARN_RANGE_LOOP_ANALYSIS = YES;
				CLANG_WARN_STRICT_PROTOTYPES = YES;
				CLANG_WARN_SUSPICIOUS_MOVE = YES;
				CLANG_WARN_UNGUARDED_AVAILABILITY = YES_AGGRESSIVE;
				CLANG_WARN_UNREACHABLE_CODE = YES;
				CLANG_WARN__DUPLICATE_METHOD_MATCH = YES;
				COPY_PHASE_STRIP = NO;
				DEBUG_INFORMATION_FORMAT = "dwarf-with-dsym";
				ENABLE_NS_ASSERTIONS = NO;
				ENABLE_STRICT_OBJC_MSGSEND = YES;
				GCC_C_LANGUAGE_STANDARD = gnu11;
				GCC_NO_COMMON_BLOCKS = YES;
				GCC_WARN_64_TO_32_BIT_CONVERSION = YES;
				GCC_WARN_ABOUT_RETURN_TYPE = YES_ERROR;
				GCC_WARN_UNDECLARED_SELECTOR = YES;
				GCC_WARN_UNINITIALIZED_AUTOS = YES_AGGRESSIVE;
				GCC_WARN_UNUSED_FUNCTION = YES;
				GCC_WARN_UNUSED_VARIABLE = YES;
				IPHONEOS_DEPLOYMENT_TARGET = 14.1;
				MTL_ENABLE_DEBUG_INFO = NO;
				MTL_FAST_MATH = YES;
				SDKROOT = iphoneos;
				SWIFT_COMPILATION_MODE = wholemodule;
				SWIFT_OPTIMIZATION_LEVEL = "-O";
				VALIDATE_PRODUCT = YES;
			};
			name = Release;
		};
		97DFE7DA254717220048B741 /* Debug */ = {
			isa = XCBuildConfiguration;
			buildSettings = {
				ASSETCATALOG_COMPILER_APPICON_NAME = AppIcon;
				ASSETCATALOG_COMPILER_GLOBAL_ACCENT_COLOR_NAME = AccentColor;
				CODE_SIGN_STYLE = Automatic;
				DEVELOPMENT_ASSET_PATHS = "\"Roomba/Preview Content\"";
				DEVELOPMENT_TEAM = B33FA55WD3;
				ENABLE_PREVIEWS = YES;
				INFOPLIST_FILE = Roomba/Info.plist;
				IPHONEOS_DEPLOYMENT_TARGET = 14.0;
				LD_RUNPATH_SEARCH_PATHS = (
					"$(inherited)",
					"@executable_path/Frameworks",
				);
				PRODUCT_BUNDLE_IDENTIFIER = Maltagliati.Roomba;
				PRODUCT_NAME = "$(TARGET_NAME)";
				SWIFT_VERSION = 5.0;
				TARGETED_DEVICE_FAMILY = "1,2";
			};
			name = Debug;
		};
		97DFE7DB254717220048B741 /* Release */ = {
			isa = XCBuildConfiguration;
			buildSettings = {
				ASSETCATALOG_COMPILER_APPICON_NAME = AppIcon;
				ASSETCATALOG_COMPILER_GLOBAL_ACCENT_COLOR_NAME = AccentColor;
				CODE_SIGN_STYLE = Automatic;
				DEVELOPMENT_ASSET_PATHS = "\"Roomba/Preview Content\"";
				DEVELOPMENT_TEAM = B33FA55WD3;
				ENABLE_PREVIEWS = YES;
				INFOPLIST_FILE = Roomba/Info.plist;
				IPHONEOS_DEPLOYMENT_TARGET = 14.0;
				LD_RUNPATH_SEARCH_PATHS = (
					"$(inherited)",
					"@executable_path/Frameworks",
				);
				PRODUCT_BUNDLE_IDENTIFIER = Maltagliati.Roomba;
				PRODUCT_NAME = "$(TARGET_NAME)";
				SWIFT_VERSION = 5.0;
				TARGETED_DEVICE_FAMILY = "1,2";
			};
			name = Release;
		};
		97DFE7DD254717220048B741 /* Debug */ = {
			isa = XCBuildConfiguration;
			buildSettings = {
				ALWAYS_EMBED_SWIFT_STANDARD_LIBRARIES = YES;
				BUNDLE_LOADER = "$(TEST_HOST)";
				CODE_SIGN_STYLE = Automatic;
				DEVELOPMENT_TEAM = B33FA55WD3;
				INFOPLIST_FILE = RoombaTests/Info.plist;
				IPHONEOS_DEPLOYMENT_TARGET = 14.0;
				LD_RUNPATH_SEARCH_PATHS = (
					"$(inherited)",
					"@executable_path/Frameworks",
					"@loader_path/Frameworks",
				);
				PRODUCT_BUNDLE_IDENTIFIER = Maltagliati.RoombaTests;
				PRODUCT_NAME = "$(TARGET_NAME)";
				SWIFT_VERSION = 5.0;
				TARGETED_DEVICE_FAMILY = "1,2";
				TEST_HOST = "$(BUILT_PRODUCTS_DIR)/Roomba.app/Roomba";
			};
			name = Debug;
		};
		97DFE7DE254717220048B741 /* Release */ = {
			isa = XCBuildConfiguration;
			buildSettings = {
				ALWAYS_EMBED_SWIFT_STANDARD_LIBRARIES = YES;
				BUNDLE_LOADER = "$(TEST_HOST)";
				CODE_SIGN_STYLE = Automatic;
				DEVELOPMENT_TEAM = B33FA55WD3;
				INFOPLIST_FILE = RoombaTests/Info.plist;
				IPHONEOS_DEPLOYMENT_TARGET = 14.0;
				LD_RUNPATH_SEARCH_PATHS = (
					"$(inherited)",
					"@executable_path/Frameworks",
					"@loader_path/Frameworks",
				);
				PRODUCT_BUNDLE_IDENTIFIER = Maltagliati.RoombaTests;
				PRODUCT_NAME = "$(TARGET_NAME)";
				SWIFT_VERSION = 5.0;
				TARGETED_DEVICE_FAMILY = "1,2";
				TEST_HOST = "$(BUILT_PRODUCTS_DIR)/Roomba.app/Roomba";
			};
			name = Release;
		};
		97DFE7E0254717220048B741 /* Debug */ = {
			isa = XCBuildConfiguration;
			buildSettings = {
				ALWAYS_EMBED_SWIFT_STANDARD_LIBRARIES = YES;
				CODE_SIGN_STYLE = Automatic;
				DEVELOPMENT_TEAM = B33FA55WD3;
				INFOPLIST_FILE = RoombaUITests/Info.plist;
				LD_RUNPATH_SEARCH_PATHS = (
					"$(inherited)",
					"@executable_path/Frameworks",
					"@loader_path/Frameworks",
				);
				PRODUCT_BUNDLE_IDENTIFIER = Maltagliati.RoombaUITests;
				PRODUCT_NAME = "$(TARGET_NAME)";
				SWIFT_VERSION = 5.0;
				TARGETED_DEVICE_FAMILY = "1,2";
				TEST_TARGET_NAME = Roomba;
			};
			name = Debug;
		};
		97DFE7E1254717220048B741 /* Release */ = {
			isa = XCBuildConfiguration;
			buildSettings = {
				ALWAYS_EMBED_SWIFT_STANDARD_LIBRARIES = YES;
				CODE_SIGN_STYLE = Automatic;
				DEVELOPMENT_TEAM = B33FA55WD3;
				INFOPLIST_FILE = RoombaUITests/Info.plist;
				LD_RUNPATH_SEARCH_PATHS = (
					"$(inherited)",
					"@executable_path/Frameworks",
					"@loader_path/Frameworks",
				);
				PRODUCT_BUNDLE_IDENTIFIER = Maltagliati.RoombaUITests;
				PRODUCT_NAME = "$(TARGET_NAME)";
				SWIFT_VERSION = 5.0;
				TARGETED_DEVICE_FAMILY = "1,2";
				TEST_TARGET_NAME = Roomba;
			};
			name = Release;
		};
/* End XCBuildConfiguration section */

/* Begin XCConfigurationList section */
		97DFE7AF254717210048B741 /* Build configuration list for PBXProject "Roomba" */ = {
			isa = XCConfigurationList;
			buildConfigurations = (
				97DFE7D7254717220048B741 /* Debug */,
				97DFE7D8254717220048B741 /* Release */,
			);
			defaultConfigurationIsVisible = 0;
			defaultConfigurationName = Release;
		};
		97DFE7D9254717220048B741 /* Build configuration list for PBXNativeTarget "Roomba" */ = {
			isa = XCConfigurationList;
			buildConfigurations = (
				97DFE7DA254717220048B741 /* Debug */,
				97DFE7DB254717220048B741 /* Release */,
			);
			defaultConfigurationIsVisible = 0;
			defaultConfigurationName = Release;
		};
		97DFE7DC254717220048B741 /* Build configuration list for PBXNativeTarget "RoombaTests" */ = {
			isa = XCConfigurationList;
			buildConfigurations = (
				97DFE7DD254717220048B741 /* Debug */,
				97DFE7DE254717220048B741 /* Release */,
			);
			defaultConfigurationIsVisible = 0;
			defaultConfigurationName = Release;
		};
		97DFE7DF254717220048B741 /* Build configuration list for PBXNativeTarget "RoombaUITests" */ = {
			isa = XCConfigurationList;
			buildConfigurations = (
				97DFE7E0254717220048B741 /* Debug */,
				97DFE7E1254717220048B741 /* Release */,
			);
			defaultConfigurationIsVisible = 0;
			defaultConfigurationName = Release;
		};
/* End XCConfigurationList section */
	};
	rootObject = 97DFE7AC254717210048B741 /* Project object */;
}
